{
  "name": "opencode-review-skill",
  "version": "0.2.0",
  "lockfileVersion": 3,
  "requires": true,
  "packages": {
    "": {
      "name": "opencode-review-skill",
      "version": "0.2.0",
      "license": "MIT",
      "dependencies": {
        "eventsource-parser": "3.1.1"
      },
      "engines": {
        "node": ">=24"
      }
    },
    "node_modules/eventsource-parser": {
      "version": "3.1.1",
      "resolved": "https://registry.npmjs.org/eventsource-parser/-/eventsource-parser-3.1.1.tgz",
      "integrity": "sha512-EKN1vKAMcZ8MlYMpaNuxN6R9yakzH6uajHcHVTqWJzvu5pWw9DyhbP35HH8MVBQ+dZjAfDxk+A8NiR9KWaXiyQ==",
      "engines": {
        "node": ">=18.0.0"
      }
    }
  }
}
